
Microsoft Visual Studio Solution File, Format Version 12.00
# Visual Studio Version 17
VisualStudioVersion = 17.5.33414.496
MinimumVisualStudioVersion = 10.0.40219.1
Project("{FAE04EC0-301F-11D3-BF4B-00C04F79EFBC}") = "Authentication", "Authentication\Authentication.csproj", "{A354F1DC-32D8-4F10-BE53-5568EED3902A}"
EndProject
Global
	GlobalSection(SolutionConfigurationPlatforms) = preSolution
		Debug|Any CPU = Debug|Any CPU
		Release|Any CPU = Release|Any CPU
	EndGlobalSection
	GlobalSection(ProjectConfigurationPlatforms) = postSolution
		{A354F1DC-32D8-4F10-BE53-5568EED3902A}.Debug|Any CPU.ActiveCfg = Debug|Any CPU
		{A354F1DC-32D8-4F10-BE53-5568EED3902A}.Debug|Any CPU.Build.0 = Debug|Any CPU
		{A354F1DC-32D8-4F10-BE53-5568EED3902A}.Release|Any CPU.ActiveCfg = Release|Any CPU
		{A354F1DC-32D8-4F10-BE53-5568EED3902A}.Release|Any CPU.Build.0 = Release|Any CPU
	EndGlobalSection
	GlobalSection(SolutionProperties) = preSolution
		HideSolutionNode = FALSE
	EndGlobalSection
	GlobalSection(ExtensibilityGlobals) = postSolution
		SolutionGuid = {8EF38829-FBF3-4BDE-8D4E-3D0D5DEFE6E5}
	EndGlobalSection
EndGlobal
